[[package]]
name = "annotated-types"
version = "0.7.0"
description = "Reusable constraint types to use with typing.Annotated"
category = "main"
optional = false
python-versions = ">=3.8"

[[package]]
name = "ansicon"
version = "1.89.0"
description = "Python wrapper for loading Jason Hood's ANSICON"
category = "main"
optional = false
python-versions = "*"

[[package]]
name = "anyio"
version = "4.9.0"
description = "High level compatibility layer for multiple asynchronous event loop implementations"
category = "main"
optional = false
python-versions = ">=3.9"

[package.dependencies]
exceptiongroup = {version = ">=1.0.2", markers = "python_version < \"3.11\""}
idna = ">=2.8"
sniffio = ">=1.1"
typing_extensions = {version = ">=4.5", markers = "python_version < \"3.13\""}

[package.extras]
trio = ["trio (>=0.26.1)"]
test = ["anyio", "blockbuster (>=1.5.23)", "coverage[toml] (>=7)", "exceptiongroup (>=1.2.0)", "hypothesis (>=4.0)", "psutil (>=5.9)", "pytest (>=7.0)", "trustme", "truststore (>=0.9.1)", "uvloop (>=0.21)"]
doc = ["packaging", "Sphinx (>=8.2,<9.0)", "sphinx-rtd-theme", "sphinx-autodoc-typehints (>=1.2.0)"]

[[package]]
name = "arrow"
version = "1.3.0"
description = "Better dates & times for Python"
category = "main"
optional = false
python-versions = ">=3.8"

[package.dependencies]
python-dateutil = ">=2.7.0"
types-python-dateutil = ">=2.8.10"

[package.extras]
doc = ["doc8", "sphinx (>=7.0.0)", "sphinx-autobuild", "sphinx-autodoc-typehints", "sphinx_rtd_theme (>=1.3.0)"]
test = ["dateparser (>=1.0.0,<2.0.0)", "pre-commit", "pytest", "pytest-cov", "pytest-mock", "pytz (==2021.1)", "simplejson (>=3.0.0,<4.0.0)"]

[[package]]
name = "beautifulsoup4"
version = "4.13.4"
description = "Screen-scraping library"
category = "main"
optional = false
python-versions = ">=3.7.0"

[package.dependencies]
soupsieve = ">1.2"
typing-extensions = ">=4.0.0"

[package.extras]
cchardet = ["cchardet"]
chardet = ["chardet"]
charset-normalizer = ["charset-normalizer"]
html5lib = ["html5lib"]
lxml = ["lxml"]

[[package]]
name = "binaryornot"
version = "0.4.4"
description = "Ultra-lightweight pure Python package to check if a file is binary or text."
category = "main"
optional = false
python-versions = "*"

[package.dependencies]
chardet = ">=3.0.2"

[[package]]
name = "blessed"
version = "1.21.0"
description = "Easy, practical library for making terminal apps, by providing an elegant, well-documented interface to Colors, Keyboard input, and screen Positioning capabilities."
category = "main"
optional = false
python-versions = ">=2.7"

[package.dependencies]
jinxed = {version = ">=1.1.0", markers = "platform_system == \"Windows\""}
wcwidth = ">=0.1.4"

[[package]]
name = "brotli"
version = "1.1.0"
description = "Python bindings for the Brotli compression library"
category = "main"
optional = false
python-versions = "*"

[[package]]
name = "brotlicffi"
version = "1.1.0.0"
description = "Python CFFI bindings to the Brotli library"
category = "main"
optional = false
python-versions = ">=3.7"

[package.dependencies]
cffi = ">=1.0.0"

[[package]]
name = "certifi"
version = "2025.4.26"
description = "Python package for providing Mozilla's CA Bundle."
category = "main"
optional = false
python-versions = ">=3.6"

[[package]]
name = "cffi"
version = "1.17.1"
description = "Foreign Function Interface for Python calling C code."
category = "main"
optional = false
python-versions = ">=3.8"

[package.dependencies]
pycparser = "*"

[[package]]
name = "chardet"
version = "5.2.0"
description = "Universal encoding detector for Python 3"
category = "main"
optional = false
python-versions = ">=3.7"

[[package]]
name = "charset-normalizer"
version = "3.4.1"
description = "The Real First Universal Charset Detector. Open, modern and actively maintained alternative to Chardet."
category = "main"
optional = false
python-versions = ">=3.7"

[[package]]
name = "click"
version = "8.1.8"
description = "Composable command line interface toolkit"
category = "main"
optional = false
python-versions = ">=3.7"

[package.dependencies]
colorama = {version = "*", markers = "platform_system == \"Windows\""}

[[package]]
name = "colorama"
version = "0.4.6"
description = "Cross-platform colored terminal text."
category = "main"
optional = false
python-versions = "!=3.0.*,!=3.1.*,!=3.2.*,!=3.3.*,!=3.4.*,!=3.5.*,!=3.6.*,>=2.7"

[[package]]
name = "cookiecutter"
version = "2.6.0"
description = "A command-line utility that creates projects from project templates, e.g. creating a Python package project from a Python package project template."
category = "main"
optional = false
python-versions = ">=3.7"

[package.dependencies]
arrow = "*"
binaryornot = ">=0.4.4"
click = ">=7.0,<9.0.0"
Jinja2 = ">=2.7,<4.0.0"
python-slugify = ">=4.0.0"
pyyaml = ">=5.3.1"
requests = ">=2.23.0"
rich = "*"

[[package]]
name = "crawlee"
version = "0.4.5"
description = "Crawlee for Python"
category = "main"
optional = false
python-versions = "<4.0,>=3.9"

[package.dependencies]
beautifulsoup4 = {version = ">=4.12.0", optional = true, markers = "extra == \"all\" or extra == \"beautifulsoup\""}
colorama = ">=0.4.0"
cookiecutter = ">=2.6.0"
curl-cffi = {version = ">=0.7.2", optional = true, markers = "extra == \"all\" or extra == \"curl-impersonate\""}
docutils = ">=0.21.0"
eval-type-backport = ">=0.2.0"
html5lib = {version = ">=1.0", optional = true, markers = "extra == \"all\" or extra == \"beautifulsoup\""}
httpx = {version = ">=0.27.0,<0.28.0", extras = ["brotli", "http2"]}
inquirer = ">=3.3.0"
lxml = {version = ">=5.2.0", optional = true, markers = "extra == \"all\" or extra == \"beautifulsoup\""}
more_itertools = ">=10.2.0"
psutil = ">=6.0.0"
pydantic = ">=2.8.1,<2.10.0 || >2.10.0,<2.10.1 || >2.10.1,<2.10.2 || >2.10.2"
pydantic-settings = ">=2.2.0"
pyee = ">=9.0.0"
sortedcollections = ">=2.1.0"
tldextract = ">=5.1.0"
typer = ">=0.12.0"
typing-extensions = ">=4.1.0"
yarl = ">=1.18.0,<2.0.0"

[package.extras]
all = ["apify (>=2.0.0)", "beautifulsoup4 (>=4.12.0)", "curl-cffi (>=0.7.2)", "html5lib (>=1.0)", "lxml (>=5.2.0)", "playwright (>=1.27.0)"]
apify = ["apify (>=2.0.0)"]
beautifulsoup = ["beautifulsoup4 (>=4.12.0)", "html5lib (>=1.0)", "lxml (>=5.2.0)"]
curl-impersonate = ["curl-cffi (>=0.7.2)"]
parsel = ["parsel (>=1.9.0)"]
playwright = ["playwright (>=1.27.0)"]

[[package]]
name = "curl-cffi"
version = "0.10.0"
description = "libcurl ffi bindings for Python, with impersonation support."
category = "main"
optional = false
python-versions = ">=3.9"

[package.dependencies]
certifi = ">=2024.2.2"
cffi = ">=1.12.0"

[package.extras]
dev = ["charset_normalizer (>=3.3.2,<4.0)", "coverage (>=6.4.1,<7.0)", "cryptography (>=42.0.5,<43.0)", "httpx (==0.23.1)", "mypy (>=1.9.0,<2.0)", "pytest (>=8.1.1,<9.0)", "pytest-asyncio (>=0.23.6,<1.0)", "pytest-trio (>=0.8.0,<1.0)", "ruff (>=0.3.5,<1.0)", "trio (>=0.25.0,<1.0)", "trustme (>=1.1.0,<2.0)", "uvicorn (>=0.29.0,<1.0)", "websockets (>=12.0,<13.0)", "typing-extensions"]
build = ["cibuildwheel", "wheel"]
test = ["charset_normalizer (>=3.3.2,<4.0)", "cryptography (>=42.0.5,<43.0)", "fastapi (==0.110.0)", "httpx (==0.23.1)", "proxy.py (>=2.4.3,<3.0)", "pytest (>=8.1.1,<9.0)", "pytest-asyncio (>=0.23.6,<1.0)", "pytest-trio (>=0.8.0,<1.0)", "python-multipart (>=0.0.9,<1.0)", "trio (>=0.25.0,<1.0)", "trustme (>=1.1.0,<2.0)", "uvicorn (>=0.29.0,<1.0)", "websockets (>=12.0,<13.0)", "typing-extensions"]

[[package]]
name = "docutils"
version = "0.21.2"
description = "Docutils -- Python Documentation Utilities"
category = "main"
optional = false
python-versions = ">=3.9"

[[package]]
name = "editor"
version = "1.6.6"
description = "🖋 Open the default text editor 🖋"
category = "main"
optional = false
python-versions = ">=3.8"

[package.dependencies]
runs = "*"
xmod = "*"

[[package]]
name = "eval-type-backport"
version = "0.2.2"
description = "Like `typing._eval_type`, but lets older Python versions use newer typing features."
category = "main"
optional = false
python-versions = ">=3.8"

[package.extras]
tests = ["pytest"]

[[package]]
name = "exceptiongroup"
version = "1.2.2"
description = "Backport of PEP 654 (exception groups)"
category = "main"
optional = false
python-versions = ">=3.7"

[package.extras]
test = ["pytest (>=6)"]

[[package]]
name = "filelock"
version = "3.18.0"
description = "A platform independent file lock."
category = "main"
optional = false
python-versions = ">=3.9"

[package.extras]
docs = ["furo (>=2024.8.6)", "sphinx-autodoc-typehints (>=3)", "sphinx (>=8.1.3)"]
testing = ["covdefaults (>=2.3)", "coverage (>=7.6.10)", "diff-cover (>=9.2.1)", "pytest-asyncio (>=0.25.2)", "pytest-cov (>=6)", "pytest-mock (>=3.14)", "pytest-timeout (>=2.3.1)", "pytest (>=8.3.4)", "virtualenv (>=20.28.1)"]
typing = ["typing-extensions (>=4.12.2)"]

[[package]]
name = "h11"
version = "0.16.0"
description = "A pure-Python, bring-your-own-I/O implementation of HTTP/1.1"
category = "main"
optional = false
python-versions = ">=3.8"

[[package]]
name = "h2"
version = "4.2.0"
description = "Pure-Python HTTP/2 protocol implementation"
category = "main"
optional = false
python-versions = ">=3.9"

[package.dependencies]
hpack = ">=4.1,<5"
hyperframe = ">=6.1,<7"

[[package]]
name = "hpack"
version = "4.1.0"
description = "Pure-Python HPACK header encoding"
category = "main"
optional = false
python-versions = ">=3.9"

[[package]]
name = "html5lib"
version = "1.1"
description = "HTML parser based on the WHATWG HTML specification"
category = "main"
optional = false
python-versions = ">=2.7, !=3.0.*, !=3.1.*, !=3.2.*, !=3.3.*, !=3.4.*"

[package.dependencies]
six = ">=1.9"
webencodings = "*"

[package.extras]
all = ["genshi", "chardet (>=2.2)", "lxml"]
chardet = ["chardet (>=2.2)"]
genshi = ["genshi"]
lxml = ["lxml"]

[[package]]
name = "httpcore"
version = "1.0.9"
description = "A minimal low-level HTTP client."
category = "main"
optional = false
python-versions = ">=3.8"

[package.dependencies]
certifi = "*"
h11 = ">=0.16"

[package.extras]
asyncio = ["anyio (>=4.0,<5.0)"]
http2 = ["h2 (>=3,<5)"]
socks = ["socksio (>=1.0.0,<2.0.0)"]
trio = ["trio (>=0.22.0,<1.0)"]

[[package]]
name = "httpx"
version = "0.27.2"
description = "The next generation HTTP client."
category = "main"
optional = false
python-versions = ">=3.8"

[package.dependencies]
anyio = "*"
brotli = {version = "*", optional = true, markers = "platform_python_implementation == \"CPython\" and extra == \"brotli\""}
brotlicffi = {version = "*", optional = true, markers = "platform_python_implementation != \"CPython\" and extra == \"brotli\""}
certifi = "*"
h2 = {version = ">=3,<5", optional = true, markers = "extra == \"http2\""}
httpcore = ">=1.0.0,<2.0.0"
idna = "*"
sniffio = "*"

[package.extras]
brotli = ["brotli", "brotlicffi"]
cli = ["click (>=8.0.0,<9.0.0)", "pygments (>=2.0.0,<3.0.0)", "rich (>=10,<14)"]
http2 = ["h2 (>=3,<5)"]
socks = ["socksio (>=1.0.0,<2.0.0)"]
zstd = ["zstandard (>=0.18.0)"]

[[package]]
name = "hyperframe"
version = "6.1.0"
description = "Pure-Python HTTP/2 framing"
category = "main"
optional = false
python-versions = ">=3.9"

[[package]]
name = "idna"
version = "3.10"
description = "Internationalized Domain Names in Applications (IDNA)"
category = "main"
optional = false
python-versions = ">=3.6"

[package.extras]
all = ["ruff (>=0.6.2)", "mypy (>=1.11.2)", "pytest (>=8.3.2)", "flake8 (>=7.1.1)"]

[[package]]
name = "inquirer"
version = "3.4.0"
description = "Collection of common interactive command line user interfaces, based on Inquirer.js"
category = "main"
optional = false
python-versions = ">=3.8.1"

[package.dependencies]
blessed = ">=1.19.0"
editor = ">=1.6.0"
readchar = ">=4.2.0"

[[package]]
name = "jinja2"
version = "3.1.6"
description = "A very fast and expressive template engine."
category = "main"
optional = false
python-versions = ">=3.7"

[package.dependencies]
MarkupSafe = ">=2.0"

[package.extras]
i18n = ["Babel (>=2.7)"]

[[package]]
name = "jinxed"
version = "1.3.0"
description = "Jinxed Terminal Library"
category = "main"
optional = false
python-versions = "*"

[package.dependencies]
ansicon = {version = "*", markers = "platform_system == \"Windows\""}

[[package]]
name = "lxml"
version = "5.4.0"
description = "Powerful and Pythonic XML processing library combining libxml2/libxslt with the ElementTree API."
category = "main"
optional = false
python-versions = ">=3.6"

[package.extras]
source = ["Cython (>=3.0.11,<3.1.0)"]
cssselect = ["cssselect (>=0.7)"]
html5 = ["html5lib"]
htmlsoup = ["beautifulsoup4"]
html-clean = ["lxml-html-clean"]

[[package]]
name = "markdown-it-py"
version = "3.0.0"
description = "Python port of markdown-it. Markdown parsing, done right!"
category = "main"
optional = false
python-versions = ">=3.8"

[package.dependencies]
mdurl = ">=0.1,<1.0"

[package.extras]
benchmarking = ["psutil", "pytest", "pytest-benchmark"]
code_style = ["pre-commit (>=3.0,<4.0)"]
compare = ["commonmark (>=0.9,<1.0)", "markdown (>=3.4,<4.0)", "mistletoe (>=1.0,<2.0)", "mistune (>=2.0,<3.0)", "panflute (>=2.3,<3.0)"]
linkify = ["linkify-it-py (>=1,<3)"]
plugins = ["mdit-py-plugins"]
profiling = ["gprof2dot"]
rtd = ["mdit-py-plugins", "myst-parser", "pyyaml", "sphinx", "sphinx-copybutton", "sphinx-design", "sphinx-book-theme", "jupyter-sphinx"]
testing = ["coverage", "pytest", "pytest-cov", "pytest-regressions"]

[[package]]
name = "markupsafe"
version = "3.0.2"
description = "Safely add untrusted strings to HTML/XML markup."
category = "main"
optional = false
python-versions = ">=3.9"

[[package]]
name = "mdurl"
version = "0.1.2"
description = "Markdown URL utilities"
category = "main"
optional = false
python-versions = ">=3.7"

[[package]]
name = "more-itertools"
version = "10.7.0"
description = "More routines for operating on iterables, beyond itertools"
category = "main"
optional = false
python-versions = ">=3.9"

[[package]]
name = "multidict"
version = "6.4.3"
description = "multidict implementation"
category = "main"
optional = false
python-versions = ">=3.9"

[package.dependencies]
typing-extensions = {version = ">=4.1.0", markers = "python_version < \"3.11\""}

[[package]]
name = "propcache"
version = "0.3.1"
description = "Accelerated property cache"
category = "main"
optional = false
python-versions = ">=3.9"

[[package]]
name = "psutil"
version = "7.0.0"
description = "Cross-platform lib for process and system monitoring in Python.  NOTE: the syntax of this script MUST be kept compatible with Python 2.7."
category = "main"
optional = false
python-versions = ">=3.6"

[package.extras]
dev = ["pytest", "pytest-xdist", "setuptools", "abi3audit", "black (==24.10.0)", "check-manifest", "coverage", "packaging", "pylint", "pyperf", "pypinfo", "pytest-cov", "requests", "rstcheck", "ruff", "sphinx", "sphinx-rtd-theme", "toml-sort", "twine", "virtualenv", "vulture", "wheel"]
test = ["pytest", "pytest-xdist", "setuptools"]

[[package]]
name = "pycparser"
version = "2.22"
description = "C parser in Python"
category = "main"
optional = false
python-versions = ">=3.8"

[[package]]
name = "pydantic"
version = "2.11.4"
description = "Data validation using Python type hints"
category = "main"
optional = false
python-versions = ">=3.9"

[package.dependencies]
annotated-types = ">=0.6.0"
pydantic-core = "2.33.2"
typing-extensions = ">=4.12.2"
typing-inspection = ">=0.4.0"

[package.extras]
email = ["email-validator (>=2.0.0)"]
timezone = ["tzdata"]

[[package]]
name = "pydantic-core"
version = "2.33.2"
description = "Core functionality for Pydantic validation and serialization"
category = "main"
optional = false
python-versions = ">=3.9"

[package.dependencies]
typing-extensions = ">=4.6.0,<4.7.0 || >4.7.0"

[[package]]
name = "pydantic-settings"
version = "2.9.1"
description = "Settings management using Pydantic"
category = "main"
optional = false
python-versions = ">=3.9"

[package.dependencies]
pydantic = ">=2.7.0"
python-dotenv = ">=0.21.0"
typing-inspection = ">=0.4.0"

[package.extras]
aws-secrets-manager = ["boto3-stubs", "boto3 (>=1.35.0)"]
azure-key-vault = ["azure-identity (>=1.16.0)", "azure-keyvault-secrets (>=4.8.0)"]
gcp-secret-manager = ["google-cloud-secret-manager (>=2.23.1)"]
toml = ["tomli (>=2.0.1)"]
yaml = ["pyyaml (>=6.0.1)"]

[[package]]
name = "pyee"
version = "13.0.0"
description = "A rough port of Node.js's EventEmitter to Python with a few tricks of its own"
category = "main"
optional = false
python-versions = ">=3.8"

[package.dependencies]
typing-extensions = "*"

[package.extras]
dev = ["build", "flake8", "flake8-black", "pytest", "pytest-asyncio", "pytest-trio", "black", "isort", "jupyter-console", "mkdocs", "mkdocs-include-markdown-plugin", "mkdocstrings", "mypy", "sphinx", "toml", "tox", "trio", "trio", "trio-typing", "twine", "twisted", "validate-pyproject"]

[[package]]
name = "pygments"
version = "2.19.1"
description = "Pygments is a syntax highlighting package written in Python."
category = "main"
optional = false
python-versions = ">=3.8"

[package.extras]
windows-terminal = ["colorama (>=0.4.6)"]

[[package]]
name = "python-dateutil"
version = "2.9.0.post0"
description = "Extensions to the standard Python datetime module"
category = "main"
optional = false
python-versions = "!=3.0.*,!=3.1.*,!=3.2.*,>=2.7"

[package.dependencies]
six = ">=1.5"

[[package]]
name = "python-dotenv"
version = "1.1.0"
description = "Read key-value pairs from a .env file and set them as environment variables"
category = "main"
optional = false
python-versions = ">=3.9"

[package.extras]
cli = ["click (>=5.0)"]

[[package]]
name = "python-slugify"
version = "8.0.4"
description = "A Python slugify application that also handles Unicode"
category = "main"
optional = false
python-versions = ">=3.7"

[package.dependencies]
text-unidecode = ">=1.3"

[package.extras]
unidecode = ["Unidecode (>=1.1.1)"]

[[package]]
name = "pyyaml"
version = "6.0.2"
description = "YAML parser and emitter for Python"
category = "main"
optional = false
python-versions = ">=3.8"

[[package]]
name = "readchar"
version = "4.2.1"
description = "Library to easily read single chars and key strokes"
category = "main"
optional = false
python-versions = ">=3.8"

[[package]]
name = "requests"
version = "2.32.3"
description = "Python HTTP for Humans."
category = "main"
optional = false
python-versions = ">=3.8"

[package.dependencies]
certifi = ">=2017.4.17"
charset-normalizer = ">=2,<4"
idna = ">=2.5,<4"
urllib3 = ">=1.21.1,<3"

[package.extras]
socks = ["PySocks (>=1.5.6,!=1.5.7)"]
use-chardet-on-py3 = ["chardet (>=3.0.2,<6)"]

[[package]]
name = "requests-file"
version = "2.1.0"
description = "File transport adapter for Requests"
category = "main"
optional = false
python-versions = "*"

[package.dependencies]
requests = ">=1.0.0"

[[package]]
name = "rich"
version = "14.0.0"
description = "Render rich text, tables, progress bars, syntax highlighting, markdown and more to the terminal"
category = "main"
optional = false
python-versions = ">=3.8.0"

[package.dependencies]
markdown-it-py = ">=2.2.0"
pygments = ">=2.13.0,<3.0.0"
typing-extensions = {version = ">=4.0.0,<5.0", markers = "python_version < \"3.11\""}

[package.extras]
jupyter = ["ipywidgets (>=7.5.1,<9)"]

[[package]]
name = "runs"
version = "1.2.2"
description = "🏃 Run a block of text as a subprocess 🏃"
category = "main"
optional = false
python-versions = ">=3.8"

[package.dependencies]
xmod = "*"

[[package]]
name = "shellingham"
version = "1.5.4"
description = "Tool to Detect Surrounding Shell"
category = "main"
optional = false
python-versions = ">=3.7"

[[package]]
name = "six"
version = "1.17.0"
description = "Python 2 and 3 compatibility utilities"
category = "main"
optional = false
python-versions = "!=3.0.*,!=3.1.*,!=3.2.*,>=2.7"

[[package]]
name = "sniffio"
version = "1.3.1"
description = "Sniff out which async library your code is running under"
category = "main"
optional = false
python-versions = ">=3.7"

[[package]]
name = "sortedcollections"
version = "2.1.0"
description = "Python Sorted Collections"
category = "main"
optional = false
python-versions = "*"

[package.dependencies]
sortedcontainers = "*"

[[package]]
name = "sortedcontainers"
version = "2.4.0"
description = "Sorted Containers -- Sorted List, Sorted Dict, Sorted Set"
category = "main"
optional = false
python-versions = "*"

[[package]]
name = "soupsieve"
version = "2.7"
description = "A modern CSS selector implementation for Beautiful Soup."
category = "main"
optional = false
python-versions = ">=3.8"

[[package]]
name = "text-unidecode"
version = "1.3"
description = "The most basic Text::Unidecode port"
category = "main"
optional = false
python-versions = "*"

[[package]]
name = "tldextract"
version = "5.3.0"
description = "Accurately separates a URL's subdomain, domain, and public suffix, using the Public Suffix List (PSL). By default, this includes the public ICANN TLDs and their exceptions. You can optionally support the Public Suffix List's private domains as well."
category = "main"
optional = false
python-versions = ">=3.9"

[package.dependencies]
filelock = ">=3.0.8"
idna = "*"
requests = ">=2.1.0"
requests-file = ">=1.4"

[package.extras]
release = ["build", "twine"]
testing = ["mypy", "pytest", "pytest-gitignore", "pytest-mock", "responses", "ruff", "syrupy", "tox", "tox-uv", "types-filelock", "types-requests"]

[[package]]
name = "typer"
version = "0.15.3"
description = "Typer, build great CLIs. Easy to code. Based on Python type hints."
category = "main"
optional = false
python-versions = ">=3.7"

[package.dependencies]
click = ">=8.0.0"
rich = ">=10.11.0"
shellingham = ">=1.3.0"
typing-extensions = ">=3.7.4.3"

[[package]]
name = "types-python-dateutil"
version = "2.9.0.20241206"
description = "Typing stubs for python-dateutil"
category = "main"
optional = false
python-versions = ">=3.8"

[[package]]
name = "typing-extensions"
version = "4.13.2"
description = "Backported and Experimental Type Hints for Python 3.8+"
category = "main"
optional = false
python-versions = ">=3.8"

[[package]]
name = "typing-inspection"
version = "0.4.0"
description = "Runtime typing introspection tools"
category = "main"
optional = false
python-versions = ">=3.9"

[package.dependencies]
typing-extensions = ">=4.12.0"

[[package]]
name = "urllib3"
version = "2.4.0"
description = "HTTP library with thread-safe connection pooling, file post, and more."
category = "main"
optional = false
python-versions = ">=3.9"

[package.extras]
brotli = ["brotli (>=1.0.9)", "brotlicffi (>=0.8.0)"]
h2 = ["h2 (>=4,<5)"]
socks = ["pysocks (>=1.5.6,!=1.5.7,<2.0)"]
zstd = ["zstandard (>=0.18.0)"]

[[package]]
name = "wcwidth"
version = "0.2.13"
description = "Measures the displayed width of unicode strings in a terminal"
category = "main"
optional = false
python-versions = "*"

[[package]]
name = "webencodings"
version = "0.5.1"
description = "Character encoding aliases for legacy web content"
category = "main"
optional = false
python-versions = "*"

[[package]]
name = "xmod"
version = "1.8.1"
description = "🌱 Turn any object into a module 🌱"
category = "main"
optional = false
python-versions = ">=3.8"

[[package]]
name = "yarl"
version = "1.20.0"
description = "Yet another URL library"
category = "main"
optional = false
python-versions = ">=3.9"

[package.dependencies]
idna = ">=2.0"
multidict = ">=4.0"
propcache = ">=0.2.1"

[metadata]
lock-version = "1.1"
python-versions = "^3.9"
content-hash = "3818757d771670a99eb9e70ec67094fd2988f67fc97aa11d34320da83367d110"

[metadata.files]
annotated-types = []
ansicon = []
anyio = []
arrow = []
beautifulsoup4 = []
binaryornot = []
blessed = []
brotli = []
brotlicffi = []
certifi = []
cffi = []
chardet = []
charset-normalizer = []
click = []
colorama = []
cookiecutter = []
crawlee = []
curl-cffi = []
docutils = []
editor = []
eval-type-backport = []
exceptiongroup = []
filelock = []
h11 = []
h2 = []
hpack = []
html5lib = []
httpcore = []
httpx = []
hyperframe = []
idna = []
inquirer = []
jinja2 = []
jinxed = []
lxml = []
markdown-it-py = []
markupsafe = []
mdurl = []
more-itertools = []
multidict = []
propcache = []
psutil = []
pycparser = []
pydantic = []
pydantic-core = []
pydantic-settings = []
pyee = []
pygments = []
python-dateutil = []
python-dotenv = []
python-slugify = []
pyyaml = []
readchar = []
requests = []
requests-file = []
rich = []
runs = []
shellingham = []
six = []
sniffio = []
sortedcollections = []
sortedcontainers = []
soupsieve = []
text-unidecode = []
tldextract = []
typer = []
types-python-dateutil = []
typing-extensions = []
typing-inspection = []
urllib3 = []
wcwidth = []
webencodings = []
xmod = []
yarl = []
